
Microsoft Visual Studio Solution File, Format Version 12.00
# Visual Studio Version 17
VisualStudioVersion = 17.5.33424.131
MinimumVisualStudioVersion = 10.0.40219.1
Project("{FAE04EC0-301F-11D3-BF4B-00C04F79EFBC}") = "TIkTokStats", "TIkTokStats.csproj", "{A7BC9C8F-25E8-4B60-B572-81A0A7373BAB}"
EndProject
Global
	GlobalSection(SolutionConfigurationPlatforms) = preSolution
		Debug|Any CPU = Debug|Any CPU
		Release|Any CPU = Release|Any CPU
	EndGlobalSection
	GlobalSection(ProjectConfigurationPlatforms) = postSolution
		{A7BC9C8F-25E8-4B60-B572-81A0A7373BAB}.Debug|Any CPU.ActiveCfg = Debug|Any CPU
		{A7BC9C8F-25E8-4B60-B572-81A0A7373BAB}.Debug|Any CPU.Build.0 = Debug|Any CPU
		{A7BC9C8F-25E8-4B60-B572-81A0A7373BAB}.Release|Any CPU.ActiveCfg = Release|Any CPU
		{A7BC9C8F-25E8-4B60-B572-81A0A7373BAB}.Release|Any CPU.Build.0 = Release|Any CPU
	EndGlobalSection
	GlobalSection(SolutionProperties) = preSolution
		HideSolutionNode = FALSE
	EndGlobalSection
	GlobalSection(ExtensibilityGlobals) = postSolution
		SolutionGuid = {F7759162-C401-415A-93E3-4E2EE7EEFE7A}
	EndGlobalSection
EndGlobal
